
Microsoft Visual Studio Solution File, Format Version 12.00
# Visual Studio Version 17
VisualStudioVersion = 17.10.35004.147
MinimumVisualStudioVersion = 10.0.40219.1
Project("{FAE04EC0-301F-11D3-BF4B-00C04F79EFBC}") = "02_WriteLine_ReadLine", "C-Sharp_Programming\02_WriteLine_ReadLine.csproj", "{D138F101-E9B3-4991-A1A9-FE4B9BBF5FA1}"
EndProject
Project("{9A19103F-16F7-4668-BE54-9A1E7A4F7556}") = "03_Build-in_Type", "Build-in_Type\03_Build-in_Type.csproj", "{3CC55AF2-7646-45EA-97D6-32A9FB69DFEF}"
EndProject
Project("{9A19103F-16F7-4668-BE54-9A1E7A4F7556}") = "04_Common_Operator", "04_Common_Operator\04_Common_Operator.csproj", "{9E77B948-D304-44F8-BBAF-476912F65C9D}"
EndProject
Project("{9A19103F-16F7-4668-BE54-9A1E7A4F7556}") = "05_DataType_Conversion", "05_DataType_Conversion\05_DataType_Conversion.csproj", "{3AF25B87-5EF4-4A49-BB5F-D72794913594}"
EndProject
Project("{9A19103F-16F7-4668-BE54-9A1E7A4F7556}") = "06_Arrays", "06_Arrays\06_Arrays.csproj", "{FD012308-47A9-4AB7-B25A-D201975A100D}"
EndProject
Project("{9A19103F-16F7-4668-BE54-9A1E7A4F7556}") = "07_Conditional_Statements", "07_Conditional_Statements\07_Conditional_Statements.csproj", "{6AE6CA43-5942-4CBC-8DCC-E6314944F7DE}"
EndProject
Project("{9A19103F-16F7-4668-BE54-9A1E7A4F7556}") = "07A_Foreach_loop", "07A_Foreach_loop\07A_Foreach_loop.csproj", "{CF86E505-D9BE-4B28-B2FE-AF36269B7462}"
EndProject
Project("{9A19103F-16F7-4668-BE54-9A1E7A4F7556}") = "09_Methods", "08_Methods\09_Methods.csproj", "{DC2C3C72-F62E-4BE9-99C5-2ECBCBCCB1A6}"
EndProject
Project("{9A19103F-16F7-4668-BE54-9A1E7A4F7556}") = "08_Class_Objects", "09_Class\08_Class_Objects.csproj", "{299901FC-A193-4A83-9CC4-264723F23E19}"
EndProject
Project("{9A19103F-16F7-4668-BE54-9A1E7A4F7556}") = "10_Static_and_Instance_class", "10_Static_and_Instance_class\10_Static_and_Instance_class.csproj", "{3719564A-F5DA-42FE-97FB-4EC527966FE0}"
EndProject
Project("{9A19103F-16F7-4668-BE54-9A1E7A4F7556}") = "12_Inheritance", "11_Inheritance\12_Inheritance.csproj", "{7ABB6581-B111-4CD3-B573-D7C4CAD2B81B}"
EndProject
Project("{9A19103F-16F7-4668-BE54-9A1E7A4F7556}") = "11_Constructor", "11_Constructor\11_Constructor.csproj", "{066A615D-F38C-4B0B-ADBC-518BE379EC16}"
EndProject
Project("{FAE04EC0-301F-11D3-BF4B-00C04F79EFBC}") = "13_Polymorphism", "13_Polymorphism\13_Polymorphism.csproj", "{CACE9EB9-1C8F-473B-896B-65FB097C90E5}"
EndProject
Global
	GlobalSection(SolutionConfigurationPlatforms) = preSolution
		Debug|Any CPU = Debug|Any CPU
		Release|Any CPU = Release|Any CPU
	EndGlobalSection
	GlobalSection(ProjectConfigurationPlatforms) = postSolution
		{D138F101-E9B3-4991-A1A9-FE4B9BBF5FA1}.Debug|Any CPU.ActiveCfg = Debug|Any CPU
		{D138F101-E9B3-4991-A1A9-FE4B9BBF5FA1}.Debug|Any CPU.Build.0 = Debug|Any CPU
		{D138F101-E9B3-4991-A1A9-FE4B9BBF5FA1}.Release|Any CPU.ActiveCfg = Release|Any CPU
		{D138F101-E9B3-4991-A1A9-FE4B9BBF5FA1}.Release|Any CPU.Build.0 = Release|Any CPU
		{3CC55AF2-7646-45EA-97D6-32A9FB69DFEF}.Debug|Any CPU.ActiveCfg = Debug|Any CPU
		{3CC55AF2-7646-45EA-97D6-32A9FB69DFEF}.Debug|Any CPU.Build.0 = Debug|Any CPU
		{3CC55AF2-7646-45EA-97D6-32A9FB69DFEF}.Release|Any CPU.ActiveCfg = Release|Any CPU
		{3CC55AF2-7646-45EA-97D6-32A9FB69DFEF}.Release|Any CPU.Build.0 = Release|Any CPU
		{9E77B948-D304-44F8-BBAF-476912F65C9D}.Debug|Any CPU.ActiveCfg = Debug|Any CPU
		{9E77B948-D304-44F8-BBAF-476912F65C9D}.Debug|Any CPU.Build.0 = Debug|Any CPU
		{9E77B948-D304-44F8-BBAF-476912F65C9D}.Release|Any CPU.ActiveCfg = Release|Any CPU
		{9E77B948-D304-44F8-BBAF-476912F65C9D}.Release|Any CPU.Build.0 = Release|Any CPU
		{3AF25B87-5EF4-4A49-BB5F-D72794913594}.Debug|Any CPU.ActiveCfg = Debug|Any CPU
		{3AF25B87-5EF4-4A49-BB5F-D72794913594}.Debug|Any CPU.Build.0 = Debug|Any CPU
		{3AF25B87-5EF4-4A49-BB5F-D72794913594}.Release|Any CPU.ActiveCfg = Release|Any CPU
		{3AF25B87-5EF4-4A49-BB5F-D72794913594}.Release|Any CPU.Build.0 = Release|Any CPU
		{FD012308-47A9-4AB7-B25A-D201975A100D}.Debug|Any CPU.ActiveCfg = Debug|Any CPU
		{FD012308-47A9-4AB7-B25A-D201975A100D}.Debug|Any CPU.Build.0 = Debug|Any CPU
		{FD012308-47A9-4AB7-B25A-D201975A100D}.Release|Any CPU.ActiveCfg = Release|Any CPU
		{FD012308-47A9-4AB7-B25A-D201975A100D}.Release|Any CPU.Build.0 = Release|Any CPU
		{6AE6CA43-5942-4CBC-8DCC-E6314944F7DE}.Debug|Any CPU.ActiveCfg = Debug|Any CPU
		{6AE6CA43-5942-4CBC-8DCC-E6314944F7DE}.Debug|Any CPU.Build.0 = Debug|Any CPU
		{6AE6CA43-5942-4CBC-8DCC-E6314944F7DE}.Release|Any CPU.ActiveCfg = Release|Any CPU
		{6AE6CA43-5942-4CBC-8DCC-E6314944F7DE}.Release|Any CPU.Build.0 = Release|Any CPU
		{CF86E505-D9BE-4B28-B2FE-AF36269B7462}.Debug|Any CPU.ActiveCfg = Debug|Any CPU
		{CF86E505-D9BE-4B28-B2FE-AF36269B7462}.Debug|Any CPU.Build.0 = Debug|Any CPU
		{CF86E505-D9BE-4B28-B2FE-AF36269B7462}.Release|Any CPU.ActiveCfg = Release|Any CPU
		{CF86E505-D9BE-4B28-B2FE-AF36269B7462}.Release|Any CPU.Build.0 = Release|Any CPU
		{DC2C3C72-F62E-4BE9-99C5-2ECBCBCCB1A6}.Debug|Any CPU.ActiveCfg = Debug|Any CPU
		{DC2C3C72-F62E-4BE9-99C5-2ECBCBCCB1A6}.Debug|Any CPU.Build.0 = Debug|Any CPU
		{DC2C3C72-F62E-4BE9-99C5-2ECBCBCCB1A6}.Release|Any CPU.ActiveCfg = Release|Any CPU
		{DC2C3C72-F62E-4BE9-99C5-2ECBCBCCB1A6}.Release|Any CPU.Build.0 = Release|Any CPU
		{299901FC-A193-4A83-9CC4-264723F23E19}.Debug|Any CPU.ActiveCfg = Debug|Any CPU
		{299901FC-A193-4A83-9CC4-264723F23E19}.Debug|Any CPU.Build.0 = Debug|Any CPU
		{299901FC-A193-4A83-9CC4-264723F23E19}.Release|Any CPU.ActiveCfg = Release|Any CPU
		{299901FC-A193-4A83-9CC4-264723F23E19}.Release|Any CPU.Build.0 = Release|Any CPU
		{3719564A-F5DA-42FE-97FB-4EC527966FE0}.Debug|Any CPU.ActiveCfg = Debug|Any CPU
		{3719564A-F5DA-42FE-97FB-4EC527966FE0}.Debug|Any CPU.Build.0 = Debug|Any CPU
		{3719564A-F5DA-42FE-97FB-4EC527966FE0}.Release|Any CPU.ActiveCfg = Release|Any CPU
		{3719564A-F5DA-42FE-97FB-4EC527966FE0}.Release|Any CPU.Build.0 = Release|Any CPU
		{7ABB6581-B111-4CD3-B573-D7C4CAD2B81B}.Debug|Any CPU.ActiveCfg = Debug|Any CPU
		{7ABB6581-B111-4CD3-B573-D7C4CAD2B81B}.Debug|Any CPU.Build.0 = Debug|Any CPU
		{7ABB6581-B111-4CD3-B573-D7C4CAD2B81B}.Release|Any CPU.ActiveCfg = Release|Any CPU
		{7ABB6581-B111-4CD3-B573-D7C4CAD2B81B}.Release|Any CPU.Build.0 = Release|Any CPU
		{066A615D-F38C-4B0B-ADBC-518BE379EC16}.Debug|Any CPU.ActiveCfg = Debug|Any CPU
		{066A615D-F38C-4B0B-ADBC-518BE379EC16}.Debug|Any CPU.Build.0 = Debug|Any CPU
		{066A615D-F38C-4B0B-ADBC-518BE379EC16}.Release|Any CPU.ActiveCfg = Release|Any CPU
		{066A615D-F38C-4B0B-ADBC-518BE379EC16}.Release|Any CPU.Build.0 = Release|Any CPU
		{CACE9EB9-1C8F-473B-896B-65FB097C90E5}.Debug|Any CPU.ActiveCfg = Debug|Any CPU
		{CACE9EB9-1C8F-473B-896B-65FB097C90E5}.Debug|Any CPU.Build.0 = Debug|Any CPU
		{CACE9EB9-1C8F-473B-896B-65FB097C90E5}.Release|Any CPU.ActiveCfg = Release|Any CPU
		{CACE9EB9-1C8F-473B-896B-65FB097C90E5}.Release|Any CPU.Build.0 = Release|Any CPU
	EndGlobalSection
	GlobalSection(SolutionProperties) = preSolution
		HideSolutionNode = FALSE
	EndGlobalSection
	GlobalSection(ExtensibilityGlobals) = postSolution
		SolutionGuid = {1F10AB33-CF63-4C3D-903B-FDD131791F64}
	EndGlobalSection
EndGlobal
